
Microsoft Visual Studio Solution File, Format Version 12.00
# Visual Studio Version 16
VisualStudioVersion = 16.0.31605.320
MinimumVisualStudioVersion = 10.0.40219.1
Project("{F184B08F-C81C-45F6-A57F-5ABD9991F28F}") = "ExcepcionesII", "ExcepcionesII.vbproj", "{064A0E63-D184-4289-85BA-B2AC07CA10CE}"
EndProject
Global
	GlobalSection(SolutionConfigurationPlatforms) = preSolution
		Debug|Any CPU = Debug|Any CPU
		Release|Any CPU = Release|Any CPU
	EndGlobalSection
	GlobalSection(ProjectConfigurationPlatforms) = postSolution
		{064A0E63-D184-4289-85BA-B2AC07CA10CE}.Debug|Any CPU.ActiveCfg = Debug|Any CPU
		{064A0E63-D184-4289-85BA-B2AC07CA10CE}.Debug|Any CPU.Build.0 = Debug|Any CPU
		{064A0E63-D184-4289-85BA-B2AC07CA10CE}.Release|Any CPU.ActiveCfg = Release|Any CPU
		{064A0E63-D184-4289-85BA-B2AC07CA10CE}.Release|Any CPU.Build.0 = Release|Any CPU
	EndGlobalSection
	GlobalSection(SolutionProperties) = preSolution
		HideSolutionNode = FALSE
	EndGlobalSection
	GlobalSection(ExtensibilityGlobals) = postSolution
		SolutionGuid = {59B2C074-21A5-4E02-A4B6-88631DD291DA}
	EndGlobalSection
EndGlobal
